// !$*UTF8*$!
{
	archiveVersion = 1;
	classes = {
	};
	objectVersion = 46;
	objects = {

/* Begin PBXBuildFile section */
		75B5CC2DB9A34B80AC9DCD98 /* Pods.framework in Frameworks */ = {isa = PBXBuildFile; fileRef = 866E84244EF3A917BF0590B1 /* Pods.framework */; };
		940B955C1C652F990032DF03 /* AppDelegate.swift in Sources */ = {isa = PBXBuildFile; fileRef = 940B955B1C652F990032DF03 /* AppDelegate.swift */; };
		940B955E1C652F990032DF03 /* OperationViewController.swift in Sources */ = {isa = PBXBuildFile; fileRef = 940B955D1C652F990032DF03 /* OperationViewController.swift */; };
		940B95611C652F990032DF03 /* Main.storyboard in Resources */ = {isa = PBXBuildFile; fileRef = 940B955F1C652F990032DF03 /* Main.storyboard */; };
		940B95631C652F990032DF03 /* Assets.xcassets in Resources */ = {isa = PBXBuildFile; fileRef = 940B95621C652F990032DF03 /* Assets.xcassets */; };
		940B95661C652F990032DF03 /* LaunchScreen.storyboard in Resources */ = {isa = PBXBuildFile; fileRef = 940B95641C652F990032DF03 /* LaunchScreen.storyboard */; };
		940B95711C652F990032DF03 /* Order_OSUTests.swift in Sources */ = {isa = PBXBuildFile; fileRef = 940B95701C652F990032DF03 /* Order_OSUTests.swift */; };
		940B957C1C6533B80032DF03 /* OperationTableViewCell.swift in Sources */ = {isa = PBXBuildFile; fileRef = 940B957B1C6533B80032DF03 /* OperationTableViewCell.swift */; };
		940B958B1C653D470032DF03 /* OperationTableViewController.swift in Sources */ = {isa = PBXBuildFile; fileRef = 940B958A1C653D470032DF03 /* OperationTableViewController.swift */; };
		940B958D1C653F030032DF03 /* Operation.swift in Sources */ = {isa = PBXBuildFile; fileRef = 940B958C1C653F030032DF03 /* Operation.swift */; };
		940B958F1C6560090032DF03 /* OperationDetailsViewController.swift in Sources */ = {isa = PBXBuildFile; fileRef = 940B958E1C6560090032DF03 /* OperationDetailsViewController.swift */; };
		940B95911C65601C0032DF03 /* OperstionDetails.swift in Sources */ = {isa = PBXBuildFile; fileRef = 940B95901C65601C0032DF03 /* OperstionDetails.swift */; };
		940B95931C6578BD0032DF03 /* WebOrderViewController.swift in Sources */ = {isa = PBXBuildFile; fileRef = 940B95921C6578BD0032DF03 /* WebOrderViewController.swift */; };
		940B95951C65AB690032DF03 /* SettingsViewController.swift in Sources */ = {isa = PBXBuildFile; fileRef = 940B95941C65AB690032DF03 /* SettingsViewController.swift */; };
		940B95971C6634EE0032DF03 /* CatTableViewCell.swift in Sources */ = {isa = PBXBuildFile; fileRef = 940B95961C6634EE0032DF03 /* CatTableViewCell.swift */; };
		940B95991C6635880032DF03 /* CatTableViewController.swift in Sources */ = {isa = PBXBuildFile; fileRef = 940B95981C6635880032DF03 /* CatTableViewController.swift */; };
		940B959B1C6637000032DF03 /* FoodCategory.swift in Sources */ = {isa = PBXBuildFile; fileRef = 940B959A1C6637000032DF03 /* FoodCategory.swift */; };
		940B95A11C6BD4F40032DF03 /* Default-568h@2x.png in Resources */ = {isa = PBXBuildFile; fileRef = 940B95A01C6BD4F40032DF03 /* Default-568h@2x.png */; };
		940B95A71C6C1FB30032DF03 /* SwiftHTTP.framework in Frameworks */ = {isa = PBXBuildFile; fileRef = 940B95A61C6C1FB30032DF03 /* SwiftHTTP.framework */; };
/* End PBXBuildFile section */

/* Begin PBXContainerItemProxy section */
		940B956D1C652F990032DF03 /* PBXContainerItemProxy */ = {
			isa = PBXContainerItemProxy;
			containerPortal = 940B95501C652F990032DF03 /* Project object */;
			proxyType = 1;
			remoteGlobalIDString = 940B95571C652F990032DF03;
			remoteInfo = "Order OSU";
		};
/* End PBXContainerItemProxy section */

/* Begin PBXFileReference section */
		3F881BF604093048CFB7D409 /* Pods.release.xcconfig */ = {isa = PBXFileReference; includeInIndex = 1; lastKnownFileType = text.xcconfig; name = Pods.release.xcconfig; path = "Pods/Target Support Files/Pods/Pods.release.xcconfig"; sourceTree = "<group>"; };
		5337129FEF16275BA354C82C /* Pods.debug.xcconfig */ = {isa = PBXFileReference; includeInIndex = 1; lastKnownFileType = text.xcconfig; name = Pods.debug.xcconfig; path = "Pods/Target Support Files/Pods/Pods.debug.xcconfig"; sourceTree = "<group>"; };
		866E84244EF3A917BF0590B1 /* Pods.framework */ = {isa = PBXFileReference; explicitFileType = wrapper.framework; includeInIndex = 0; path = Pods.framework; sourceTree = BUILT_PRODUCTS_DIR; };
		940B95581C652F990032DF03 /* Order OSU.app */ = {isa = PBXFileReference; explicitFileType = wrapper.application; includeInIndex = 0; path = "Order OSU.app"; sourceTree = BUILT_PRODUCTS_DIR; };
		940B955B1C652F990032DF03 /* AppDelegate.swift */ = {isa = PBXFileReference; lastKnownFileType = sourcecode.swift; path = AppDelegate.swift; sourceTree = "<group>"; };
		940B955D1C652F990032DF03 /* OperationViewController.swift */ = {isa = PBXFileReference; lastKnownFileType = sourcecode.swift; path = OperationViewController.swift; sourceTree = "<group>"; };
		940B95601C652F990032DF03 /* Base */ = {isa = PBXFileReference; lastKnownFileType = file.storyboard; name = Base; path = Base.lproj/Main.storyboard; sourceTree = "<group>"; };
		940B95621C652F990032DF03 /* Assets.xcassets */ = {isa = PBXFileReference; lastKnownFileType = folder.assetcatalog; path = Assets.xcassets; sourceTree = "<group>"; };
		940B95651C652F990032DF03 /* Base */ = {isa = PBXFileReference; lastKnownFileType = file.storyboard; name = Base; path = Base.lproj/LaunchScreen.storyboard; sourceTree = "<group>"; };
		940B95671C652F990032DF03 /* Info.plist */ = {isa = PBXFileReference; lastKnownFileType = text.plist.xml; path = Info.plist; sourceTree = "<group>"; };
		940B956C1C652F990032DF03 /* Order OSUTests.xctest */ = {isa = PBXFileReference; explicitFileType = wrapper.cfbundle; includeInIndex = 0; path = "Order OSUTests.xctest"; sourceTree = BUILT_PRODUCTS_DIR; };
		940B95701C652F990032DF03 /* Order_OSUTests.swift */ = {isa = PBXFileReference; lastKnownFileType = sourcecode.swift; path = Order_OSUTests.swift; sourceTree = "<group>"; };
		940B95721C652F990032DF03 /* Info.plist */ = {isa = PBXFileReference; lastKnownFileType = text.plist.xml; path = Info.plist; sourceTree = "<group>"; };
		940B957B1C6533B80032DF03 /* OperationTableViewCell.swift */ = {isa = PBXFileReference; fileEncoding = 4; lastKnownFileType = sourcecode.swift; path = OperationTableViewCell.swift; sourceTree = "<group>"; };
		940B958A1C653D470032DF03 /* OperationTableViewController.swift */ = {isa = PBXFileReference; fileEncoding = 4; lastKnownFileType = sourcecode.swift; path = OperationTableViewController.swift; sourceTree = "<group>"; };
		940B958C1C653F030032DF03 /* Operation.swift */ = {isa = PBXFileReference; fileEncoding = 4; lastKnownFileType = sourcecode.swift; path = Operation.swift; sourceTree = "<group>"; };
		940B958E1C6560090032DF03 /* OperationDetailsViewController.swift */ = {isa = PBXFileReference; fileEncoding = 4; lastKnownFileType = sourcecode.swift; path = OperationDetailsViewController.swift; sourceTree = "<group>"; };
		940B95901C65601C0032DF03 /* OperstionDetails.swift */ = {isa = PBXFileReference; fileEncoding = 4; lastKnownFileType = sourcecode.swift; path = OperstionDetails.swift; sourceTree = "<group>"; };
		940B95921C6578BD0032DF03 /* WebOrderViewController.swift */ = {isa = PBXFileReference; fileEncoding = 4; lastKnownFileType = sourcecode.swift; path = WebOrderViewController.swift; sourceTree = "<group>"; };
		940B95941C65AB690032DF03 /* SettingsViewController.swift */ = {isa = PBXFileReference; fileEncoding = 4; lastKnownFileType = sourcecode.swift; path = SettingsViewController.swift; sourceTree = "<group>"; };
		940B95961C6634EE0032DF03 /* CatTableViewCell.swift */ = {isa = PBXFileReference; fileEncoding = 4; lastKnownFileType = sourcecode.swift; path = CatTableViewCell.swift; sourceTree = "<group>"; };
		940B95981C6635880032DF03 /* CatTableViewController.swift */ = {isa = PBXFileReference; fileEncoding = 4; lastKnownFileType = sourcecode.swift; path = CatTableViewController.swift; sourceTree = "<group>"; };
		940B959A1C6637000032DF03 /* FoodCategory.swift */ = {isa = PBXFileReference; fileEncoding = 4; lastKnownFileType = sourcecode.swift; path = FoodCategory.swift; sourceTree = "<group>"; };
		940B95A01C6BD4F40032DF03 /* Default-568h@2x.png */ = {isa = PBXFileReference; lastKnownFileType = image.png; path = "Default-568h@2x.png"; sourceTree = "<group>"; };
		940B95A61C6C1FB30032DF03 /* SwiftHTTP.framework */ = {isa = PBXFileReference; lastKnownFileType = wrapper.framework; name = SwiftHTTP.framework; path = "Pods/../build/Release-iphoneos/SwiftHTTP.framework"; sourceTree = "<group>"; };
/* End PBXFileReference section */

/* Begin PBXFrameworksBuildPhase section */
		940B95551C652F990032DF03 /* Frameworks */ = {
			isa = PBXFrameworksBuildPhase;
			buildActionMask = 2147483647;
			files = (
				940B95A71C6C1FB30032DF03 /* SwiftHTTP.framework in Frameworks */,
				75B5CC2DB9A34B80AC9DCD98 /* Pods.framework in Frameworks */,
			);
			runOnlyForDeploymentPostprocessing = 0;
		};
		940B95691C652F990032DF03 /* Frameworks */ = {
			isa = PBXFrameworksBuildPhase;
			buildActionMask = 2147483647;
			files = (
			);
			runOnlyForDeploymentPostprocessing = 0;
		};
/* End PBXFrameworksBuildPhase section */

/* Begin PBXGroup section */
		940B954F1C652F990032DF03 = {
			isa = PBXGroup;
			children = (
				940B95A01C6BD4F40032DF03 /* Default-568h@2x.png */,
				940B955A1C652F990032DF03 /* Order OSU */,
				940B956F1C652F990032DF03 /* Order OSUTests */,
				940B95591C652F990032DF03 /* Products */,
				DB40D4D6CF554CE34A6A300B /* Pods */,
				A51CD46A22E260CD534EBBB0 /* Frameworks */,
			);
			sourceTree = "<group>";
		};
		940B95591C652F990032DF03 /* Products */ = {
			isa = PBXGroup;
			children = (
				940B95581C652F990032DF03 /* Order OSU.app */,
				940B956C1C652F990032DF03 /* Order OSUTests.xctest */,
			);
			name = Products;
			sourceTree = "<group>";
		};
		940B955A1C652F990032DF03 /* Order OSU */ = {
			isa = PBXGroup;
			children = (
				940B955B1C652F990032DF03 /* AppDelegate.swift */,
				940B95621C652F990032DF03 /* Assets.xcassets */,
				940B95961C6634EE0032DF03 /* CatTableViewCell.swift */,
				940B95981C6635880032DF03 /* CatTableViewController.swift */,
				940B959A1C6637000032DF03 /* FoodCategory.swift */,
				940B95671C652F990032DF03 /* Info.plist */,
				940B95641C652F990032DF03 /* LaunchScreen.storyboard */,
				940B955F1C652F990032DF03 /* Main.storyboard */,
				940B958C1C653F030032DF03 /* Operation.swift */,
				940B958E1C6560090032DF03 /* OperationDetailsViewController.swift */,
				940B957B1C6533B80032DF03 /* OperationTableViewCell.swift */,
				940B958A1C653D470032DF03 /* OperationTableViewController.swift */,
				940B955D1C652F990032DF03 /* OperationViewController.swift */,
				940B95901C65601C0032DF03 /* OperstionDetails.swift */,
				940B95941C65AB690032DF03 /* SettingsViewController.swift */,
				940B95921C6578BD0032DF03 /* WebOrderViewController.swift */,
			);
			path = "Order OSU";
			sourceTree = "<group>";
		};
		940B956F1C652F990032DF03 /* Order OSUTests */ = {
			isa = PBXGroup;
			children = (
				940B95701C652F990032DF03 /* Order_OSUTests.swift */,
				940B95721C652F990032DF03 /* Info.plist */,
			);
			path = "Order OSUTests";
			sourceTree = "<group>";
		};
		A51CD46A22E260CD534EBBB0 /* Frameworks */ = {
			isa = PBXGroup;
			children = (
				940B95A61C6C1FB30032DF03 /* SwiftHTTP.framework */,
				866E84244EF3A917BF0590B1 /* Pods.framework */,
			);
			name = Frameworks;
			sourceTree = "<group>";
		};
		DB40D4D6CF554CE34A6A300B /* Pods */ = {
			isa = PBXGroup;
			children = (
				5337129FEF16275BA354C82C /* Pods.debug.xcconfig */,
				3F881BF604093048CFB7D409 /* Pods.release.xcconfig */,
			);
			name = Pods;
			sourceTree = "<group>";
		};
/* End PBXGroup section */

/* Begin PBXNativeTarget section */
		940B95571C652F990032DF03 /* Order OSU */ = {
			isa = PBXNativeTarget;
			buildConfigurationList = 940B95751C652F990032DF03 /* Build configuration list for PBXNativeTarget "Order OSU" */;
			buildPhases = (
				D2E0A75931E50F1FEC1BF2F9 /* Check Pods Manifest.lock */,
				940B95541C652F990032DF03 /* Sources */,
				940B95551C652F990032DF03 /* Frameworks */,
				940B95561C652F990032DF03 /* Resources */,
				3D009C0D2804ADD348E0AE87 /* Embed Pods Frameworks */,
				9A3BC42A672E8F715EB72AB0 /* Copy Pods Resources */,
			);
			buildRules = (
			);
			dependencies = (
			);
			name = "Order OSU";
			productName = "Order OSU";
			productReference = 940B95581C652F990032DF03 /* Order OSU.app */;
			productType = "com.apple.product-type.application";
		};
		940B956B1C652F990032DF03 /* Order OSUTests */ = {
			isa = PBXNativeTarget;
			buildConfigurationList = 940B95781C652F990032DF03 /* Build configuration list for PBXNativeTarget "Order OSUTests" */;
			buildPhases = (
				940B95681C652F990032DF03 /* Sources */,
				940B95691C652F990032DF03 /* Frameworks */,
				940B956A1C652F990032DF03 /* Resources */,
			);
			buildRules = (
			);
			dependencies = (
				940B956E1C652F990032DF03 /* PBXTargetDependency */,
			);
			name = "Order OSUTests";
			productName = "Order OSUTests";
			productReference = 940B956C1C652F990032DF03 /* Order OSUTests.xctest */;
			productType = "com.apple.product-type.bundle.unit-test";
		};
/* End PBXNativeTarget section */

/* Begin PBXProject section */
		940B95501C652F990032DF03 /* Project object */ = {
			isa = PBXProject;
			attributes = {
				LastSwiftUpdateCheck = 0720;
				LastUpgradeCheck = 0720;
				ORGANIZATIONNAME = "Adam Tyler";
				TargetAttributes = {
					940B95571C652F990032DF03 = {
						CreatedOnToolsVersion = 7.2.1;
						DevelopmentTeam = U73UR6JLAQ;
					};
					940B956B1C652F990032DF03 = {
						CreatedOnToolsVersion = 7.2.1;
						DevelopmentTeam = U73UR6JLAQ;
						TestTargetID = 940B95571C652F990032DF03;
					};
				};
			};
			buildConfigurationList = 940B95531C652F990032DF03 /* Build configuration list for PBXProject "Order OSU" */;
			compatibilityVersion = "Xcode 3.2";
			developmentRegion = English;
			hasScannedForEncodings = 0;
			knownRegions = (
				en,
				Base,
			);
			mainGroup = 940B954F1C652F990032DF03;
			productRefGroup = 940B95591C652F990032DF03 /* Products */;
			projectDirPath = "";
			projectRoot = "";
			targets = (
				940B95571C652F990032DF03 /* Order OSU */,
				940B956B1C652F990032DF03 /* Order OSUTests */,
			);
		};
/* End PBXProject section */

/* Begin PBXResourcesBuildPhase section */
		940B95561C652F990032DF03 /* Resources */ = {
			isa = PBXResourcesBuildPhase;
			buildActionMask = 2147483647;
			files = (
				940B95661C652F990032DF03 /* LaunchScreen.storyboard in Resources */,
				940B95A11C6BD4F40032DF03 /* Default-568h@2x.png in Resources */,
				940B95631C652F990032DF03 /* Assets.xcassets in Resources */,
				940B95611C652F990032DF03 /* Main.storyboard in Resources */,
			);
			runOnlyForDeploymentPostprocessing = 0;
		};
		940B956A1C652F990032DF03 /* Resources */ = {
			isa = PBXResourcesBuildPhase;
			buildActionMask = 2147483647;
			files = (
			);
			runOnlyForDeploymentPostprocessing = 0;
		};
/* End PBXResourcesBuildPhase section */

/* Begin PBXShellScriptBuildPhase section */
		3D009C0D2804ADD348E0AE87 /* Embed Pods Frameworks */ = {
			isa = PBXShellScriptBuildPhase;
			buildActionMask = 2147483647;
			files = (
			);
			inputPaths = (
			);
			name = "Embed Pods Frameworks";
			outputPaths = (
			);
			runOnlyForDeploymentPostprocessing = 0;
			shellPath = /bin/sh;
			shellScript = "\"${SRCROOT}/Pods/Target Support Files/Pods/Pods-frameworks.sh\"\n";
			showEnvVarsInLog = 0;
		};
		9A3BC42A672E8F715EB72AB0 /* Copy Pods Resources */ = {
			isa = PBXShellScriptBuildPhase;
			buildActionMask = 2147483647;
			files = (
			);
			inputPaths = (
			);
			name = "Copy Pods Resources";
			outputPaths = (
			);
			runOnlyForDeploymentPostprocessing = 0;
			shellPath = /bin/sh;
			shellScript = "\"${SRCROOT}/Pods/Target Support Files/Pods/Pods-resources.sh\"\n";
			showEnvVarsInLog = 0;
		};
		D2E0A75931E50F1FEC1BF2F9 /* Check Pods Manifest.lock */ = {
			isa = PBXShellScriptBuildPhase;
			buildActionMask = 2147483647;
			files = (
			);
			inputPaths = (
			);
			name = "Check Pods Manifest.lock";
			outputPaths = (
			);
			runOnlyForDeploymentPostprocessing = 0;
			shellPath = /bin/sh;
			shellScript = "diff \"${PODS_ROOT}/../Podfile.lock\" \"${PODS_ROOT}/Manifest.lock\" > /dev/null\nif [[ $? != 0 ]] ; then\n    cat << EOM\nerror: The sandbox is not in sync with the Podfile.lock. Run 'pod install' or update your CocoaPods installation.\nEOM\n    exit 1\nfi\n";
			showEnvVarsInLog = 0;
		};
/* End PBXShellScriptBuildPhase section */

/* Begin PBXSourcesBuildPhase section */
		940B95541C652F990032DF03 /* Sources */ = {
			isa = PBXSourcesBuildPhase;
			buildActionMask = 2147483647;
			files = (
				940B95931C6578BD0032DF03 /* WebOrderViewController.swift in Sources */,
				940B955E1C652F990032DF03 /* OperationViewController.swift in Sources */,
				940B95971C6634EE0032DF03 /* CatTableViewCell.swift in Sources */,
				940B95911C65601C0032DF03 /* OperstionDetails.swift in Sources */,
				940B95991C6635880032DF03 /* CatTableViewController.swift in Sources */,
				940B958B1C653D470032DF03 /* OperationTableViewController.swift in Sources */,
				940B958F1C6560090032DF03 /* OperationDetailsViewController.swift in Sources */,
				940B957C1C6533B80032DF03 /* OperationTableViewCell.swift in Sources */,
				940B958D1C653F030032DF03 /* Operation.swift in Sources */,
				940B955C1C652F990032DF03 /* AppDelegate.swift in Sources */,
				940B95951C65AB690032DF03 /* SettingsViewController.swift in Sources */,
				940B959B1C6637000032DF03 /* FoodCategory.swift in Sources */,
			);
			runOnlyForDeploymentPostprocessing = 0;
		};
		940B95681C652F990032DF03 /* Sources */ = {
			isa = PBXSourcesBuildPhase;
			buildActionMask = 2147483647;
			files = (
				940B95711C652F990032DF03 /* Order_OSUTests.swift in Sources */,
			);
			runOnlyForDeploymentPostprocessing = 0;
		};
/* End PBXSourcesBuildPhase section */

/* Begin PBXTargetDependency section */
		940B956E1C652F990032DF03 /* PBXTargetDependency */ = {
			isa = PBXTargetDependency;
			target = 940B95571C652F990032DF03 /* Order OSU */;
			targetProxy = 940B956D1C652F990032DF03 /* PBXContainerItemProxy */;
		};
/* End PBXTargetDependency section */

/* Begin PBXVariantGroup section */
		940B955F1C652F990032DF03 /* Main.storyboard */ = {
			isa = PBXVariantGroup;
			children = (
				940B95601C652F990032DF03 /* Base */,
			);
			name = Main.storyboard;
			sourceTree = "<group>";
		};
		940B95641C652F990032DF03 /* LaunchScreen.storyboard */ = {
			isa = PBXVariantGroup;
			children = (
				940B95651C652F990032DF03 /* Base */,
			);
			name = LaunchScreen.storyboard;
			sourceTree = "<group>";
		};
/* End PBXVariantGroup section */

/* Begin XCBuildConfiguration section */
		940B95731C652F990032DF03 /* Debug */ = {
			isa = XCBuildConfiguration;
			baseConfigurationReference = 5337129FEF16275BA354C82C /* Pods.debug.xcconfig */;
			buildSettings = {
				ALWAYS_SEARCH_USER_PATHS = NO;
				CLANG_CXX_LANGUAGE_STANDARD = "gnu++0x";
				CLANG_CXX_LIBRARY = "libc++";
				CLANG_ENABLE_MODULES = YES;
				CLANG_ENABLE_OBJC_ARC = YES;
				CLANG_WARN_BOOL_CONVERSION = YES;
				CLANG_WARN_CONSTANT_CONVERSION = YES;
				CLANG_WARN_DIRECT_OBJC_ISA_USAGE = YES_ERROR;
				CLANG_WARN_EMPTY_BODY = YES;
				CLANG_WARN_ENUM_CONVERSION = YES;
				CLANG_WARN_INT_CONVERSION = YES;
				CLANG_WARN_OBJC_ROOT_CLASS = YES_ERROR;
				CLANG_WARN_UNREACHABLE_CODE = YES;
				CLANG_WARN__DUPLICATE_METHOD_MATCH = YES;
				"CODE_SIGN_IDENTITY[sdk=iphoneos*]" = "iPhone Developer";
				COPY_PHASE_STRIP = NO;
				DEBUG_INFORMATION_FORMAT = dwarf;
				ENABLE_STRICT_OBJC_MSGSEND = YES;
				ENABLE_TESTABILITY = YES;
				GCC_C_LANGUAGE_STANDARD = gnu99;
				GCC_DYNAMIC_NO_PIC = NO;
				GCC_NO_COMMON_BLOCKS = YES;
				GCC_OPTIMIZATION_LEVEL = 0;
				GCC_PREPROCESSOR_DEFINITIONS = (
					"DEBUG=1",
					"$(inherited)",
				);
				GCC_WARN_64_TO_32_BIT_CONVERSION = YES;
				GCC_WARN_ABOUT_RETURN_TYPE = YES_ERROR;
				GCC_WARN_UNDECLARED_SELECTOR = YES;
				GCC_WARN_UNINITIALIZED_AUTOS = YES_AGGRESSIVE;
				GCC_WARN_UNUSED_FUNCTION = YES;
				GCC_WARN_UNUSED_VARIABLE = YES;
				IPHONEOS_DEPLOYMENT_TARGET = 9.2;
				MTL_ENABLE_DEBUG_INFO = YES;
				ONLY_ACTIVE_ARCH = YES;
				SDKROOT = iphoneos;
				SWIFT_OPTIMIZATION_LEVEL = "-Onone";
			};
			name = Debug;
		};
		940B95741C652F990032DF03 /* Release */ = {
			isa = XCBuildConfiguration;
			baseConfigurationReference = 3F881BF604093048CFB7D409 /* Pods.release.xcconfig */;
			buildSettings = {
				ALWAYS_SEARCH_USER_PATHS = NO;
				CLANG_CXX_LANGUAGE_STANDARD = "gnu++0x";
				CLANG_CXX_LIBRARY = "libc++";
				CLANG_ENABLE_MODULES = YES;
				CLANG_ENABLE_OBJC_ARC = YES;
				CLANG_WARN_BOOL_CONVERSION = YES;
				CLANG_WARN_CONSTANT_CONVERSION = YES;
				CLANG_WARN_DIRECT_OBJC_ISA_USAGE = YES_ERROR;
				CLANG_WARN_EMPTY_BODY = YES;
				CLANG_WARN_ENUM_CONVERSION = YES;
				CLANG_WARN_INT_CONVERSION = YES;
				CLANG_WARN_OBJC_ROOT_CLASS = YES_ERROR;
				CLANG_WARN_UNREACHABLE_CODE = YES;
				CLANG_WARN__DUPLICATE_METHOD_MATCH = YES;
				"CODE_SIGN_IDENTITY[sdk=iphoneos*]" = "iPhone Developer";
				COPY_PHASE_STRIP = NO;
				DEBUG_INFORMATION_FORMAT = "dwarf-with-dsym";
				ENABLE_NS_ASSERTIONS = NO;
				ENABLE_STRICT_OBJC_MSGSEND = YES;
				GCC_C_LANGUAGE_STANDARD = gnu99;
				GCC_NO_COMMON_BLOCKS = YES;
				GCC_WARN_64_TO_32_BIT_CONVERSION = YES;
				GCC_WARN_ABOUT_RETURN_TYPE = YES_ERROR;
				GCC_WARN_UNDECLARED_SELECTOR = YES;
				GCC_WARN_UNINITIALIZED_AUTOS = YES_AGGRESSIVE;
				GCC_WARN_UNUSED_FUNCTION = YES;
				GCC_WARN_UNUSED_VARIABLE = YES;
				IPHONEOS_DEPLOYMENT_TARGET = 9.2;
				MTL_ENABLE_DEBUG_INFO = NO;
				SDKROOT = iphoneos;
				VALIDATE_PRODUCT = YES;
			};
			name = Release;
		};
		940B95761C652F990032DF03 /* Debug */ = {
			isa = XCBuildConfiguration;
			baseConfigurationReference = 5337129FEF16275BA354C82C /* Pods.debug.xcconfig */;
			buildSettings = {
				ASSETCATALOG_COMPILER_APPICON_NAME = AppIcon;
				INFOPLIST_FILE = "Order OSU/Info.plist";
				LD_RUNPATH_SEARCH_PATHS = "$(inherited) @executable_path/Frameworks";
				PRODUCT_BUNDLE_IDENTIFIER = "us.adamtyler.Order-OSU";
				PRODUCT_NAME = "$(TARGET_NAME)";
			};
			name = Debug;
		};
		940B95771C652F990032DF03 /* Release */ = {
			isa = XCBuildConfiguration;
			baseConfigurationReference = 3F881BF604093048CFB7D409 /* Pods.release.xcconfig */;
			buildSettings = {
				ASSETCATALOG_COMPILER_APPICON_NAME = AppIcon;
				INFOPLIST_FILE = "Order OSU/Info.plist";
				LD_RUNPATH_SEARCH_PATHS = "$(inherited) @executable_path/Frameworks";
				PRODUCT_BUNDLE_IDENTIFIER = "us.adamtyler.Order-OSU";
				PRODUCT_NAME = "$(TARGET_NAME)";
			};
			name = Release;
		};
		940B95791C652F990032DF03 /* Debug */ = {
			isa = XCBuildConfiguration;
			baseConfigurationReference = 5337129FEF16275BA354C82C /* Pods.debug.xcconfig */;
			buildSettings = {
				BUNDLE_LOADER = "$(TEST_HOST)";
				INFOPLIST_FILE = "Order OSUTests/Info.plist";
				LD_RUNPATH_SEARCH_PATHS = "$(inherited) @executable_path/Frameworks @loader_path/Frameworks";
				PRODUCT_BUNDLE_IDENTIFIER = "us.adamtyler.Order-OSUTests";
				PRODUCT_NAME = "$(TARGET_NAME)";
				TEST_HOST = "$(BUILT_PRODUCTS_DIR)/Order OSU.app/Order OSU";
			};
			name = Debug;
		};
		940B957A1C652F990032DF03 /* Release */ = {
			isa = XCBuildConfiguration;
			baseConfigurationReference = 3F881BF604093048CFB7D409 /* Pods.release.xcconfig */;
			buildSettings = {
				BUNDLE_LOADER = "$(TEST_HOST)";
				INFOPLIST_FILE = "Order OSUTests/Info.plist";
				LD_RUNPATH_SEARCH_PATHS = "$(inherited) @executable_path/Frameworks @loader_path/Frameworks";
				PRODUCT_BUNDLE_IDENTIFIER = "us.adamtyler.Order-OSUTests";
				PRODUCT_NAME = "$(TARGET_NAME)";
				TEST_HOST = "$(BUILT_PRODUCTS_DIR)/Order OSU.app/Order OSU";
			};
			name = Release;
		};
/* End XCBuildConfiguration section */

/* Begin XCConfigurationList section */
		940B95531C652F990032DF03 /* Build configuration list for PBXProject "Order OSU" */ = {
			isa = XCConfigurationList;
			buildConfigurations = (
				940B95731C652F990032DF03 /* Debug */,
				940B95741C652F990032DF03 /* Release */,
			);
			defaultConfigurationIsVisible = 0;
			defaultConfigurationName = Release;
		};
		940B95751C652F990032DF03 /* Build configuration list for PBXNativeTarget "Order OSU" */ = {
			isa = XCConfigurationList;
			buildConfigurations = (
				940B95761C652F990032DF03 /* Debug */,
				940B95771C652F990032DF03 /* Release */,
			);
			defaultConfigurationIsVisible = 0;
			defaultConfigurationName = Release;
		};
		940B95781C652F990032DF03 /* Build configuration list for PBXNativeTarget "Order OSUTests" */ = {
			isa = XCConfigurationList;
			buildConfigurations = (
				940B95791C652F990032DF03 /* Debug */,
				940B957A1C652F990032DF03 /* Release */,
			);
			defaultConfigurationIsVisible = 0;
			defaultConfigurationName = Release;
		};
/* End XCConfigurationList section */
	};
	rootObject = 940B95501C652F990032DF03 /* Project object */;
}
